{
	"name": "sortablejs",
	"version": "1.15.7",
	"lockfileVersion": 3,
	"requires": true,
	"packages": {
		"": {
			"name": "sortablejs",
			"version": "1.15.7",
			"license": "MIT",
			"dependencies": {
				"tslib": "^2.8.1"
			},
			"devDependencies": {
				"@babel/core": "^7.26.9",
				"@babel/plugin-syntax-import-attributes": "^7.29.7",
				"@babel/plugin-syntax-import-meta": "^7.10.4",
				"@babel/plugin-transform-object-assign": "^7.29.7",
				"@babel/plugin-transform-typescript": "^8.0.1",
				"@babel/preset-env": "^7.26.9",
				"@babel/preset-typescript": "^8.0.1",
				"@playwright/test": "^1.62.1",
				"@rollup/plugin-babel": "^6.0.4",
				"@rollup/plugin-json": "^6.1.0",
				"@rollup/plugin-node-resolve": "^16.0.3",
				"@rollup/plugin-swc": "^0.4.1",
				"@rollup/plugin-typescript": "^12.3.0",
				"@swc/core": "^1.16.1",
				"@types/node": "^22.20.1",
				"babel-plugin-istanbul": "^7.0.1",
				"cross-env": "^10.1.0",
				"eslint": "^10.9.1",
				"globals": "^17.11.0",
				"husky": "^9.1.7",
				"knip": "^6.32.3",
				"nyc": "^18.0.0",
				"prettier": "^3.9.6",
				"rollup": "^4.63.0",
				"serve": "^14.2.6",
				"typescript": "^5.9.3",
				"uglify-js": "^3.19.3"
			}
		}
	}
}
